<?xml version="1.0" encoding="utf-8"?>
<Project ToolsVersion="4.0" xmlns="http://schemas.microsoft.com/developer/msbuild/2003">
  <ItemGroup>
    <Filter Include="Source Files">
      <UniqueIdentifier>{43de0581-71e4-4fd4-bb8c-3a9b2b1d445c}</UniqueIdentifier>
      <Extensions>cpp;c;cxx;rc;def;r;odl;idl;hpj;bat</Extensions>
    </Filter>
    <Filter Include="Header Files">
      <UniqueIdentifier>{afa308ee-a412-449b-8846-847e986ee9cc}</UniqueIdentifier>
      <Extensions>h;hpp;hxx;hm;inl</Extensions>
    </Filter>
    <Filter Include="Resource Files">
      <UniqueIdentifier>{2814213c-2185-4dce-91bc-ce405d5974c8}</UniqueIdentifier>
      <Extensions>ico;cur;bmp;dlg;rc2;rct;bin;rgs;gif;jpg;jpeg;jpe</Extensions>
    </Filter>
  </ItemGroup>
  <ItemGroup>
    <ClCompile Include="_Stu.cpp">
      <Filter>Source Files</Filter>
    </ClCompile>
    <ClCompile Include="_Stu_mark.cpp">
      <Filter>Source Files</Filter>
    </ClCompile>
    <ClCompile Include="_Stu_test1.cpp">
      <Filter>Source Files</Filter>
    </ClCompile>
    <ClCompile Include="_Stu_test2.cpp">
      <Filter>Source Files</Filter>
    </ClCompile>
    <ClCompile Include="_Tea.cpp">
      <Filter>Source Files</Filter>
    </ClCompile>
    <ClCompile Include="_Tea_bank.cpp">
      <Filter>Source Files</Filter>
    </ClCompile>
    <ClCompile Include="_Tea_bank_add_cho.cpp">
      <Filter>Source Files</Filter>
    </ClCompile>
    <ClCompile Include="_Tea_bank_add_jud.cpp">
      <Filter>Source Files</Filter>
    </ClCompile>
    <ClCompile Include="_Tea_create.cpp">
      <Filter>Source Files</Filter>
    </ClCompile>
    <ClCompile Include="_Tea_create_option.cpp">
      <Filter>Source Files</Filter>
    </ClCompile>
    <ClCompile Include="_Tea_mark.cpp">
      <Filter>Source Files</Filter>
    </ClCompile>
    <ClCompile Include="ADO.cpp">
      <Filter>Source Files</Filter>
    </ClCompile>
    <ClCompile Include="column.cpp">
      <Filter>Source Files</Filter>
    </ClCompile>
    <ClCompile Include="columns.cpp">
      <Filter>Source Files</Filter>
    </ClCompile>
    <ClCompile Include="dataformatdisp.cpp">
      <Filter>Source Files</Filter>
    </ClCompile>
    <ClCompile Include="datagrid.cpp">
      <Filter>Source Files</Filter>
    </ClCompile>
    <ClCompile Include="font.cpp">
      <Filter>Source Files</Filter>
    </ClCompile>
    <ClCompile Include="picture.cpp">
      <Filter>Source Files</Filter>
    </ClCompile>
    <ClCompile Include="selbookmarks.cpp">
      <Filter>Source Files</Filter>
    </ClCompile>
    <ClCompile Include="split.cpp">
      <Filter>Source Files</Filter>
    </ClCompile>
    <ClCompile Include="splits.cpp">
      <Filter>Source Files</Filter>
    </ClCompile>
    <ClCompile Include="StdAfx.cpp">
      <Filter>Source Files</Filter>
    </ClCompile>
    <ClCompile Include="stddataformatsdisp.cpp">
      <Filter>Source Files</Filter>
    </ClCompile>
    <ClCompile Include="TestSystem.cpp">
      <Filter>Source Files</Filter>
    </ClCompile>
    <ClCompile Include="TestSystemDlg.cpp">
      <Filter>Source Files</Filter>
    </ClCompile>
  </ItemGroup>
  <ItemGroup>
    <ResourceCompile Include="TestSystem.rc">
      <Filter>Source Files</Filter>
    </ResourceCompile>
  </ItemGroup>
  <ItemGroup>
    <ClInclude Include="_Stu.h">
      <Filter>Header Files</Filter>
    </ClInclude>
    <ClInclude Include="_Stu_mark.h">
      <Filter>Header Files</Filter>
    </ClInclude>
    <ClInclude Include="_Stu_test1.h">
      <Filter>Header Files</Filter>
    </ClInclude>
    <ClInclude Include="_Stu_test2.h">
      <Filter>Header Files</Filter>
    </ClInclude>
    <ClInclude Include="_Tea.h">
      <Filter>Header Files</Filter>
    </ClInclude>
    <ClInclude Include="_Tea_bank.h">
      <Filter>Header Files</Filter>
    </ClInclude>
    <ClInclude Include="_Tea_bank_add_cho.h">
      <Filter>Header Files</Filter>
    </ClInclude>
    <ClInclude Include="_Tea_bank_add_jud.h">
      <Filter>Header Files</Filter>
    </ClInclude>
    <ClInclude Include="_Tea_create.h">
      <Filter>Header Files</Filter>
    </ClInclude>
    <ClInclude Include="_Tea_create_option.h">
      <Filter>Header Files</Filter>
    </ClInclude>
    <ClInclude Include="_Tea_mark.h">
      <Filter>Header Files</Filter>
    </ClInclude>
    <ClInclude Include="ADO.h">
      <Filter>Header Files</Filter>
    </ClInclude>
    <ClInclude Include="column.h">
      <Filter>Header Files</Filter>
    </ClInclude>
    <ClInclude Include="columns.h">
      <Filter>Header Files</Filter>
    </ClInclude>
    <ClInclude Include="dataformatdisp.h">
      <Filter>Header Files</Filter>
    </ClInclude>
    <ClInclude Include="datagrid.h">
      <Filter>Header Files</Filter>
    </ClInclude>
    <ClInclude Include="font.h">
      <Filter>Header Files</Filter>
    </ClInclude>
    <ClInclude Include="Gb.h">
      <Filter>Header Files</Filter>
    </ClInclude>
    <ClInclude Include="picture.h">
      <Filter>Header Files</Filter>
    </ClInclude>
    <ClInclude Include="Resource.h">
      <Filter>Header Files</Filter>
    </ClInclude>
    <ClInclude Include="selbookmarks.h">
      <Filter>Header Files</Filter>
    </ClInclude>
    <ClInclude Include="split.h">
      <Filter>Header Files</Filter>
    </ClInclude>
    <ClInclude Include="splits.h">
      <Filter>Header Files</Filter>
    </ClInclude>
    <ClInclude Include="StdAfx.h">
      <Filter>Header Files</Filter>
    </ClInclude>
    <ClInclude Include="stddataformatsdisp.h">
      <Filter>Header Files</Filter>
    </ClInclude>
    <ClInclude Include="TestSystem.h">
      <Filter>Header Files</Filter>
    </ClInclude>
    <ClInclude Include="TestSystemDlg.h">
      <Filter>Header Files</Filter>
    </ClInclude>
  </ItemGroup>
  <ItemGroup>
    <Image Include="res\TestS.ico">
      <Filter>Resource Files</Filter>
    </Image>
    <Image Include="res\TestSystem.ico">
      <Filter>Resource Files</Filter>
    </Image>
  </ItemGroup>
  <ItemGroup>
    <Text Include="ReadMe.txt" />
  </ItemGroup>
  <ItemGroup>
    <CustomBuild Include="res\TestSystem.rc2">
      <Filter>Resource Files</Filter>
    </CustomBuild>
  </ItemGroup>
</Project>